
Microsoft Visual Studio Solution File, Format Version 12.00
# Visual Studio Version 17
VisualStudioVersion = 17.4.33205.214
MinimumVisualStudioVersion = 10.0.40219.1
Project("{FAE04EC0-301F-11D3-BF4B-00C04F79EFBC}") = "EmployeewageComputation276", "EmployeewageComputation276\EmployeewageComputation276.csproj", "{629079FA-A447-4C59-8882-A43DB4D9607E}"
EndProject
Global
	GlobalSection(SolutionConfigurationPlatforms) = preSolution
		Debug|Any CPU = Debug|Any CPU
		Release|Any CPU = Release|Any CPU
	EndGlobalSection
	GlobalSection(ProjectConfigurationPlatforms) = postSolution
		{629079FA-A447-4C59-8882-A43DB4D9607E}.Debug|Any CPU.ActiveCfg = Debug|Any CPU
		{629079FA-A447-4C59-8882-A43DB4D9607E}.Debug|Any CPU.Build.0 = Debug|Any CPU
		{629079FA-A447-4C59-8882-A43DB4D9607E}.Release|Any CPU.ActiveCfg = Release|Any CPU
		{629079FA-A447-4C59-8882-A43DB4D9607E}.Release|Any CPU.Build.0 = Release|Any CPU
	EndGlobalSection
	GlobalSection(SolutionProperties) = preSolution
		HideSolutionNode = FALSE
	EndGlobalSection
	GlobalSection(ExtensibilityGlobals) = postSolution
		SolutionGuid = {DB02E6E5-3E09-4B29-BCCF-A077BE23F1C4}
	EndGlobalSection
EndGlobal
